
Microsoft Visual Studio Solution File, Format Version 12.00
# Visual Studio 2013
VisualStudioVersion = 12.0.30501.0
MinimumVisualStudioVersion = 10.0.40219.1
Project("{9092AA53-FB77-4645-B42D-1CCCA6BD08BD}") = "MyFirstNodeApp", "MyFirstNodeApp\MyFirstNodeApp.njsproj", "{08A84B83-768E-479E-A4EC-1695669FAE8F}"
EndProject
Global
	GlobalSection(SolutionConfigurationPlatforms) = preSolution
		Debug|Any CPU = Debug|Any CPU
		Release|Any CPU = Release|Any CPU
	EndGlobalSection
	GlobalSection(ProjectConfigurationPlatforms) = postSolution
		{08A84B83-768E-479E-A4EC-1695669FAE8F}.Debug|Any CPU.ActiveCfg = Debug|Any CPU
		{08A84B83-768E-479E-A4EC-1695669FAE8F}.Debug|Any CPU.Build.0 = Debug|Any CPU
		{08A84B83-768E-479E-A4EC-1695669FAE8F}.Release|Any CPU.ActiveCfg = Release|Any CPU
		{08A84B83-768E-479E-A4EC-1695669FAE8F}.Release|Any CPU.Build.0 = Release|Any CPU
	EndGlobalSection
	GlobalSection(SolutionProperties) = preSolution
		HideSolutionNode = FALSE
	EndGlobalSection
EndGlobal
